// !$*UTF8*$!
{
	archiveVersion = 1;
	classes = {
	};
	objectVersion = 56;
	objects = {

/* Begin PBXBuildFile section */
		A9E4EB0F2C2F794600B50318 /* KnightMovesApp.swift in Sources */ = {isa = PBXBuildFile; fileRef = A9E4EB0E2C2F794600B50318 /* KnightMovesApp.swift */; };
		A9E4EB132C2F794700B50318 /* Assets.xcassets in Resources */ = {isa = PBXBuildFile; fileRef = A9E4EB122C2F794700B50318 /* Assets.xcassets */; };
		A9E4EB162C2F794700B50318 /* Preview Assets.xcassets in Resources */ = {isa = PBXBuildFile; fileRef = A9E4EB152C2F794700B50318 /* Preview Assets.xcassets */; };
		A9E4EB202C2F794700B50318 /* KnightMovesTests.swift in Sources */ = {isa = PBXBuildFile; fileRef = A9E4EB1F2C2F794700B50318 /* KnightMovesTests.swift */; };
		A9E4EB2A2C2F794700B50318 /* KnightMovesUITests.swift in Sources */ = {isa = PBXBuildFile; fileRef = A9E4EB292C2F794700B50318 /* KnightMovesUITests.swift */; };
		A9E4EB2C2C2F794700B50318 /* KnightMovesUITestsLaunchTests.swift in Sources */ = {isa = PBXBuildFile; fileRef = A9E4EB2B2C2F794700B50318 /* KnightMovesUITestsLaunchTests.swift */; };
		A9E4EB3B2C2F79C700B50318 /* WelcomeScreen.swift in Sources */ = {isa = PBXBuildFile; fileRef = A9E4EB3A2C2F79C700B50318 /* WelcomeScreen.swift */; };
		A9E4EB3D2C2F7BF400B50318 /* GameView.swift in Sources */ = {isa = PBXBuildFile; fileRef = A9E4EB3C2C2F7BF400B50318 /* GameView.swift */; };
		A9E4EB3F2C2F7C4E00B50318 /* ChessboardView.swift in Sources */ = {isa = PBXBuildFile; fileRef = A9E4EB3E2C2F7C4E00B50318 /* ChessboardView.swift */; };
		A9E4EB412C2F80FE00B50318 /* GameViewModel.swift in Sources */ = {isa = PBXBuildFile; fileRef = A9E4EB402C2F80FE00B50318 /* GameViewModel.swift */; };
/* End PBXBuildFile section */

/* Begin PBXContainerItemProxy section */
		A9E4EB1C2C2F794700B50318 /* PBXContainerItemProxy */ = {
			isa = PBXContainerItemProxy;
			containerPortal = A9E4EB032C2F794600B50318 /* Project object */;
			proxyType = 1;
			remoteGlobalIDString = A9E4EB0A2C2F794600B50318;
			remoteInfo = KnightMoves;
		};
		A9E4EB262C2F794700B50318 /* PBXContainerItemProxy */ = {
			isa = PBXContainerItemProxy;
			containerPortal = A9E4EB032C2F794600B50318 /* Project object */;
			proxyType = 1;
			remoteGlobalIDString = A9E4EB0A2C2F794600B50318;
			remoteInfo = KnightMoves;
		};
/* End PBXContainerItemProxy section */

/* Begin PBXFileReference section */
		A9E4EB0B2C2F794600B50318 /* KnightMoves.app */ = {isa = PBXFileReference; explicitFileType = wrapper.application; includeInIndex = 0; path = KnightMoves.app; sourceTree = BUILT_PRODUCTS_DIR; };
		A9E4EB0E2C2F794600B50318 /* KnightMovesApp.swift */ = {isa = PBXFileReference; lastKnownFileType = sourcecode.swift; path = KnightMovesApp.swift; sourceTree = "<group>"; };
		A9E4EB122C2F794700B50318 /* Assets.xcassets */ = {isa = PBXFileReference; lastKnownFileType = folder.assetcatalog; path = Assets.xcassets; sourceTree = "<group>"; };
		A9E4EB152C2F794700B50318 /* Preview Assets.xcassets */ = {isa = PBXFileReference; lastKnownFileType = folder.assetcatalog; path = "Preview Assets.xcassets"; sourceTree = "<group>"; };
		A9E4EB1B2C2F794700B50318 /* KnightMovesTests.xctest */ = {isa = PBXFileReference; explicitFileType = wrapper.cfbundle; includeInIndex = 0; path = KnightMovesTests.xctest; sourceTree = BUILT_PRODUCTS_DIR; };
		A9E4EB1F2C2F794700B50318 /* KnightMovesTests.swift */ = {isa = PBXFileReference; lastKnownFileType = sourcecode.swift; path = KnightMovesTests.swift; sourceTree = "<group>"; };
		A9E4EB252C2F794700B50318 /* KnightMovesUITests.xctest */ = {isa = PBXFileReference; explicitFileType = wrapper.cfbundle; includeInIndex = 0; path = KnightMovesUITests.xctest; sourceTree = BUILT_PRODUCTS_DIR; };
		A9E4EB292C2F794700B50318 /* KnightMovesUITests.swift */ = {isa = PBXFileReference; lastKnownFileType = sourcecode.swift; path = KnightMovesUITests.swift; sourceTree = "<group>"; };
		A9E4EB2B2C2F794700B50318 /* KnightMovesUITestsLaunchTests.swift */ = {isa = PBXFileReference; lastKnownFileType = sourcecode.swift; path = KnightMovesUITestsLaunchTests.swift; sourceTree = "<group>"; };
		A9E4EB3A2C2F79C700B50318 /* WelcomeScreen.swift */ = {isa = PBXFileReference; lastKnownFileType = sourcecode.swift; path = WelcomeScreen.swift; sourceTree = "<group>"; };
		A9E4EB3C2C2F7BF400B50318 /* GameView.swift */ = {isa = PBXFileReference; lastKnownFileType = sourcecode.swift; path = GameView.swift; sourceTree = "<group>"; };
		A9E4EB3E2C2F7C4E00B50318 /* ChessboardView.swift */ = {isa = PBXFileReference; lastKnownFileType = sourcecode.swift; path = ChessboardView.swift; sourceTree = "<group>"; };
		A9E4EB402C2F80FE00B50318 /* GameViewModel.swift */ = {isa = PBXFileReference; lastKnownFileType = sourcecode.swift; path = GameViewModel.swift; sourceTree = "<group>"; };
/* End PBXFileReference section */

/* Begin PBXFrameworksBuildPhase section */
		A9E4EB082C2F794600B50318 /* Frameworks */ = {
			isa = PBXFrameworksBuildPhase;
			buildActionMask = 2147483647;
			files = (
			);
			runOnlyForDeploymentPostprocessing = 0;
		};
		A9E4EB182C2F794700B50318 /* Frameworks */ = {
			isa = PBXFrameworksBuildPhase;
			buildActionMask = 2147483647;
			files = (
			);
			runOnlyForDeploymentPostprocessing = 0;
		};
		A9E4EB222C2F794700B50318 /* Frameworks */ = {
			isa = PBXFrameworksBuildPhase;
			buildActionMask = 2147483647;
			files = (
			);
			runOnlyForDeploymentPostprocessing = 0;
		};
/* End PBXFrameworksBuildPhase section */

/* Begin PBXGroup section */
		A9E4EB022C2F794600B50318 = {
			isa = PBXGroup;
			children = (
				A9E4EB0D2C2F794600B50318 /* KnightMoves */,
				A9E4EB1E2C2F794700B50318 /* KnightMovesTests */,
				A9E4EB282C2F794700B50318 /* KnightMovesUITests */,
				A9E4EB0C2C2F794600B50318 /* Products */,
			);
			sourceTree = "<group>";
		};
		A9E4EB0C2C2F794600B50318 /* Products */ = {
			isa = PBXGroup;
			children = (
				A9E4EB0B2C2F794600B50318 /* KnightMoves.app */,
				A9E4EB1B2C2F794700B50318 /* KnightMovesTests.xctest */,
				A9E4EB252C2F794700B50318 /* KnightMovesUITests.xctest */,
			);
			name = Products;
			sourceTree = "<group>";
		};
		A9E4EB0D2C2F794600B50318 /* KnightMoves */ = {
			isa = PBXGroup;
			children = (
				A9E4EB392C2F796A00B50318 /* ViewModels */,
				A9E4EB382C2F796200B50318 /* Views */,
				A9E4EB0E2C2F794600B50318 /* KnightMovesApp.swift */,
				A9E4EB122C2F794700B50318 /* Assets.xcassets */,
				A9E4EB142C2F794700B50318 /* Preview Content */,
			);
			path = KnightMoves;
			sourceTree = "<group>";
		};
		A9E4EB142C2F794700B50318 /* Preview Content */ = {
			isa = PBXGroup;
			children = (
				A9E4EB152C2F794700B50318 /* Preview Assets.xcassets */,
			);
			path = "Preview Content";
			sourceTree = "<group>";
		};
		A9E4EB1E2C2F794700B50318 /* KnightMovesTests */ = {
			isa = PBXGroup;
			children = (
				A9E4EB1F2C2F794700B50318 /* KnightMovesTests.swift */,
			);
			path = KnightMovesTests;
			sourceTree = "<group>";
		};
		A9E4EB282C2F794700B50318 /* KnightMovesUITests */ = {
			isa = PBXGroup;
			children = (
				A9E4EB292C2F794700B50318 /* KnightMovesUITests.swift */,
				A9E4EB2B2C2F794700B50318 /* KnightMovesUITestsLaunchTests.swift */,
			);
			path = KnightMovesUITests;
			sourceTree = "<group>";
		};
		A9E4EB382C2F796200B50318 /* Views */ = {
			isa = PBXGroup;
			children = (
				A9E4EB3A2C2F79C700B50318 /* WelcomeScreen.swift */,
				A9E4EB3C2C2F7BF400B50318 /* GameView.swift */,
				A9E4EB3E2C2F7C4E00B50318 /* ChessboardView.swift */,
			);
			path = Views;
			sourceTree = "<group>";
		};
		A9E4EB392C2F796A00B50318 /* ViewModels */ = {
			isa = PBXGroup;
			children = (
				A9E4EB402C2F80FE00B50318 /* GameViewModel.swift */,
			);
			path = ViewModels;
			sourceTree = "<group>";
		};
/* End PBXGroup section */

/* Begin PBXNativeTarget section */
		A9E4EB0A2C2F794600B50318 /* KnightMoves */ = {
			isa = PBXNativeTarget;
			buildConfigurationList = A9E4EB2F2C2F794700B50318 /* Build configuration list for PBXNativeTarget "KnightMoves" */;
			buildPhases = (
				A9E4EB072C2F794600B50318 /* Sources */,
				A9E4EB082C2F794600B50318 /* Frameworks */,
				A9E4EB092C2F794600B50318 /* Resources */,
			);
			buildRules = (
			);
			dependencies = (
			);
			name = KnightMoves;
			productName = KnightMoves;
			productReference = A9E4EB0B2C2F794600B50318 /* KnightMoves.app */;
			productType = "com.apple.product-type.application";
		};
		A9E4EB1A2C2F794700B50318 /* KnightMovesTests */ = {
			isa = PBXNativeTarget;
			buildConfigurationList = A9E4EB322C2F794700B50318 /* Build configuration list for PBXNativeTarget "KnightMovesTests" */;
			buildPhases = (
				A9E4EB172C2F794700B50318 /* Sources */,
				A9E4EB182C2F794700B50318 /* Frameworks */,
				A9E4EB192C2F794700B50318 /* Resources */,
			);
			buildRules = (
			);
			dependencies = (
				A9E4EB1D2C2F794700B50318 /* PBXTargetDependency */,
			);
			name = KnightMovesTests;
			productName = KnightMovesTests;
			productReference = A9E4EB1B2C2F794700B50318 /* KnightMovesTests.xctest */;
			productType = "com.apple.product-type.bundle.unit-test";
		};
		A9E4EB242C2F794700B50318 /* KnightMovesUITests */ = {
			isa = PBXNativeTarget;
			buildConfigurationList = A9E4EB352C2F794700B50318 /* Build configuration list for PBXNativeTarget "KnightMovesUITests" */;
			buildPhases = (
				A9E4EB212C2F794700B50318 /* Sources */,
				A9E4EB222C2F794700B50318 /* Frameworks */,
				A9E4EB232C2F794700B50318 /* Resources */,
			);
			buildRules = (
			);
			dependencies = (
				A9E4EB272C2F794700B50318 /* PBXTargetDependency */,
			);
			name = KnightMovesUITests;
			productName = KnightMovesUITests;
			productReference = A9E4EB252C2F794700B50318 /* KnightMovesUITests.xctest */;
			productType = "com.apple.product-type.bundle.ui-testing";
		};
/* End PBXNativeTarget section */

/* Begin PBXProject section */
		A9E4EB032C2F794600B50318 /* Project object */ = {
			isa = PBXProject;
			attributes = {
				BuildIndependentTargetsInParallel = 1;
				LastSwiftUpdateCheck = 1540;
				LastUpgradeCheck = 1540;
				TargetAttributes = {
					A9E4EB0A2C2F794600B50318 = {
						CreatedOnToolsVersion = 15.4;
					};
					A9E4EB1A2C2F794700B50318 = {
						CreatedOnToolsVersion = 15.4;
						TestTargetID = A9E4EB0A2C2F794600B50318;
					};
					A9E4EB242C2F794700B50318 = {
						CreatedOnToolsVersion = 15.4;
						TestTargetID = A9E4EB0A2C2F794600B50318;
					};
				};
			};
			buildConfigurationList = A9E4EB062C2F794600B50318 /* Build configuration list for PBXProject "KnightMoves" */;
			compatibilityVersion = "Xcode 14.0";
			developmentRegion = en;
			hasScannedForEncodings = 0;
			knownRegions = (
				en,
				Base,
			);
			mainGroup = A9E4EB022C2F794600B50318;
			productRefGroup = A9E4EB0C2C2F794600B50318 /* Products */;
			projectDirPath = "";
			projectRoot = "";
			targets = (
				A9E4EB0A2C2F794600B50318 /* KnightMoves */,
				A9E4EB1A2C2F794700B50318 /* KnightMovesTests */,
				A9E4EB242C2F794700B50318 /* KnightMovesUITests */,
			);
		};
/* End PBXProject section */

/* Begin PBXResourcesBuildPhase section */
		A9E4EB092C2F794600B50318 /* Resources */ = {
			isa = PBXResourcesBuildPhase;
			buildActionMask = 2147483647;
			files = (
				A9E4EB162C2F794700B50318 /* Preview Assets.xcassets in Resources */,
				A9E4EB132C2F794700B50318 /* Assets.xcassets in Resources */,
			);
			runOnlyForDeploymentPostprocessing = 0;
		};
		A9E4EB192C2F794700B50318 /* Resources */ = {
			isa = PBXResourcesBuildPhase;
			buildActionMask = 2147483647;
			files = (
			);
			runOnlyForDeploymentPostprocessing = 0;
		};
		A9E4EB232C2F794700B50318 /* Resources */ = {
			isa = PBXResourcesBuildPhase;
			buildActionMask = 2147483647;
			files = (
			);
			runOnlyForDeploymentPostprocessing = 0;
		};
/* End PBXResourcesBuildPhase section */

/* Begin PBXSourcesBuildPhase section */
		A9E4EB072C2F794600B50318 /* Sources */ = {
			isa = PBXSourcesBuildPhase;
			buildActionMask = 2147483647;
			files = (
				A9E4EB3F2C2F7C4E00B50318 /* ChessboardView.swift in Sources */,
				A9E4EB3B2C2F79C700B50318 /* WelcomeScreen.swift in Sources */,
				A9E4EB3D2C2F7BF400B50318 /* GameView.swift in Sources */,
				A9E4EB412C2F80FE00B50318 /* GameViewModel.swift in Sources */,
				A9E4EB0F2C2F794600B50318 /* KnightMovesApp.swift in Sources */,
			);
			runOnlyForDeploymentPostprocessing = 0;
		};
		A9E4EB172C2F794700B50318 /* Sources */ = {
			isa = PBXSourcesBuildPhase;
			buildActionMask = 2147483647;
			files = (
				A9E4EB202C2F794700B50318 /* KnightMovesTests.swift in Sources */,
			);
			runOnlyForDeploymentPostprocessing = 0;
		};
		A9E4EB212C2F794700B50318 /* Sources */ = {
			isa = PBXSourcesBuildPhase;
			buildActionMask = 2147483647;
			files = (
				A9E4EB2C2C2F794700B50318 /* KnightMovesUITestsLaunchTests.swift in Sources */,
				A9E4EB2A2C2F794700B50318 /* KnightMovesUITests.swift in Sources */,
			);
			runOnlyForDeploymentPostprocessing = 0;
		};
/* End PBXSourcesBuildPhase section */

/* Begin PBXTargetDependency section */
		A9E4EB1D2C2F794700B50318 /* PBXTargetDependency */ = {
			isa = PBXTargetDependency;
			target = A9E4EB0A2C2F794600B50318 /* KnightMoves */;
			targetProxy = A9E4EB1C2C2F794700B50318 /* PBXContainerItemProxy */;
		};
		A9E4EB272C2F794700B50318 /* PBXTargetDependency */ = {
			isa = PBXTargetDependency;
			target = A9E4EB0A2C2F794600B50318 /* KnightMoves */;
			targetProxy = A9E4EB262C2F794700B50318 /* PBXContainerItemProxy */;
		};
/* End PBXTargetDependency section */

/* Begin XCBuildConfiguration section */
		A9E4EB2D2C2F794700B50318 /* Debug */ = {
			isa = XCBuildConfiguration;
			buildSettings = {
				ALWAYS_SEARCH_USER_PATHS = NO;
				ASSETCATALOG_COMPILER_GENERATE_SWIFT_ASSET_SYMBOL_EXTENSIONS = YES;
				CLANG_ANALYZER_NONNULL = YES;
				CLANG_ANALYZER_NUMBER_OBJECT_CONVERSION = YES_AGGRESSIVE;
				CLANG_CXX_LANGUAGE_STANDARD = "gnu++20";
				CLANG_ENABLE_MODULES = YES;
				CLANG_ENABLE_OBJC_ARC = YES;
				CLANG_ENABLE_OBJC_WEAK = YES;
				CLANG_WARN_BLOCK_CAPTURE_AUTORELEASING = YES;
				CLANG_WARN_BOOL_CONVERSION = YES;
				CLANG_WARN_COMMA = YES;
				CLANG_WARN_CONSTANT_CONVERSION = YES;
				CLANG_WARN_DEPRECATED_OBJC_IMPLEMENTATIONS = YES;
				CLANG_WARN_DIRECT_OBJC_ISA_USAGE = YES_ERROR;
				CLANG_WARN_DOCUMENTATION_COMMENTS = YES;
				CLANG_WARN_EMPTY_BODY = YES;
				CLANG_WARN_ENUM_CONVERSION = YES;
				CLANG_WARN_INFINITE_RECURSION = YES;
				CLANG_WARN_INT_CONVERSION = YES;
				CLANG_WARN_NON_LITERAL_NULL_CONVERSION = YES;
				CLANG_WARN_OBJC_IMPLICIT_RETAIN_SELF = YES;
				CLANG_WARN_OBJC_LITERAL_CONVERSION = YES;
				CLANG_WARN_OBJC_ROOT_CLASS = YES_ERROR;
				CLANG_WARN_QUOTED_INCLUDE_IN_FRAMEWORK_HEADER = YES;
				CLANG_WARN_RANGE_LOOP_ANALYSIS = YES;
				CLANG_WARN_STRICT_PROTOTYPES = YES;
				CLANG_WARN_SUSPICIOUS_MOVE = YES;
				CLANG_WARN_UNGUARDED_AVAILABILITY = YES_AGGRESSIVE;
				CLANG_WARN_UNREACHABLE_CODE = YES;
				CLANG_WARN__DUPLICATE_METHOD_MATCH = YES;
				COPY_PHASE_STRIP = NO;
				DEBUG_INFORMATION_FORMAT = dwarf;
				ENABLE_STRICT_OBJC_MSGSEND = YES;
				ENABLE_TESTABILITY = YES;
				ENABLE_USER_SCRIPT_SANDBOXING = YES;
				GCC_C_LANGUAGE_STANDARD = gnu17;
				GCC_DYNAMIC_NO_PIC = NO;
				GCC_NO_COMMON_BLOCKS = YES;
				GCC_OPTIMIZATION_LEVEL = 0;
				GCC_PREPROCESSOR_DEFINITIONS = (
					"DEBUG=1",
					"$(inherited)",
				);
				GCC_WARN_64_TO_32_BIT_CONVERSION = YES;
				GCC_WARN_ABOUT_RETURN_TYPE = YES_ERROR;
				GCC_WARN_UNDECLARED_SELECTOR = YES;
				GCC_WARN_UNINITIALIZED_AUTOS = YES_AGGRESSIVE;
				GCC_WARN_UNUSED_FUNCTION = YES;
				GCC_WARN_UNUSED_VARIABLE = YES;
				IPHONEOS_DEPLOYMENT_TARGET = 17.5;
				LOCALIZATION_PREFERS_STRING_CATALOGS = YES;
				MTL_ENABLE_DEBUG_INFO = INCLUDE_SOURCE;
				MTL_FAST_MATH = YES;
				ONLY_ACTIVE_ARCH = YES;
				SDKROOT = iphoneos;
				SWIFT_ACTIVE_COMPILATION_CONDITIONS = "DEBUG $(inherited)";
				SWIFT_OPTIMIZATION_LEVEL = "-Onone";
			};
			name = Debug;
		};
		A9E4EB2E2C2F794700B50318 /* Release */ = {
			isa = XCBuildConfiguration;
			buildSettings = {
				ALWAYS_SEARCH_USER_PATHS = NO;
				ASSETCATALOG_COMPILER_GENERATE_SWIFT_ASSET_SYMBOL_EXTENSIONS = YES;
				CLANG_ANALYZER_NONNULL = YES;
				CLANG_ANALYZER_NUMBER_OBJECT_CONVERSION = YES_AGGRESSIVE;
				CLANG_CXX_LANGUAGE_STANDARD = "gnu++20";
				CLANG_ENABLE_MODULES = YES;
				CLANG_ENABLE_OBJC_ARC = YES;
				CLANG_ENABLE_OBJC_WEAK = YES;
				CLANG_WARN_BLOCK_CAPTURE_AUTORELEASING = YES;
				CLANG_WARN_BOOL_CONVERSION = YES;
				CLANG_WARN_COMMA = YES;
				CLANG_WARN_CONSTANT_CONVERSION = YES;
				CLANG_WARN_DEPRECATED_OBJC_IMPLEMENTATIONS = YES;
				CLANG_WARN_DIRECT_OBJC_ISA_USAGE = YES_ERROR;
				CLANG_WARN_DOCUMENTATION_COMMENTS = YES;
				CLANG_WARN_EMPTY_BODY = YES;
				CLANG_WARN_ENUM_CONVERSION = YES;
				CLANG_WARN_INFINITE_RECURSION = YES;
				CLANG_WARN_INT_CONVERSION = YES;
				CLANG_WARN_NON_LITERAL_NULL_CONVERSION = YES;
				CLANG_WARN_OBJC_IMPLICIT_RETAIN_SELF = YES;
				CLANG_WARN_OBJC_LITERAL_CONVERSION = YES;
				CLANG_WARN_OBJC_ROOT_CLASS = YES_ERROR;
				CLANG_WARN_QUOTED_INCLUDE_IN_FRAMEWORK_HEADER = YES;
				CLANG_WARN_RANGE_LOOP_ANALYSIS = YES;
				CLANG_WARN_STRICT_PROTOTYPES = YES;
				CLANG_WARN_SUSPICIOUS_MOVE = YES;
				CLANG_WARN_UNGUARDED_AVAILABILITY = YES_AGGRESSIVE;
				CLANG_WARN_UNREACHABLE_CODE = YES;
				CLANG_WARN__DUPLICATE_METHOD_MATCH = YES;
				COPY_PHASE_STRIP = NO;
				DEBUG_INFORMATION_FORMAT = "dwarf-with-dsym";
				ENABLE_NS_ASSERTIONS = NO;
				ENABLE_STRICT_OBJC_MSGSEND = YES;
				ENABLE_USER_SCRIPT_SANDBOXING = YES;
				GCC_C_LANGUAGE_STANDARD = gnu17;
				GCC_NO_COMMON_BLOCKS = YES;
				GCC_WARN_64_TO_32_BIT_CONVERSION = YES;
				GCC_WARN_ABOUT_RETURN_TYPE = YES_ERROR;
				GCC_WARN_UNDECLARED_SELECTOR = YES;
				GCC_WARN_UNINITIALIZED_AUTOS = YES_AGGRESSIVE;
				GCC_WARN_UNUSED_FUNCTION = YES;
				GCC_WARN_UNUSED_VARIABLE = YES;
				IPHONEOS_DEPLOYMENT_TARGET = 17.5;
				LOCALIZATION_PREFERS_STRING_CATALOGS = YES;
				MTL_ENABLE_DEBUG_INFO = NO;
				MTL_FAST_MATH = YES;
				SDKROOT = iphoneos;
				SWIFT_COMPILATION_MODE = wholemodule;
				VALIDATE_PRODUCT = YES;
			};
			name = Release;
		};
		A9E4EB302C2F794700B50318 /* Debug */ = {
			isa = XCBuildConfiguration;
			buildSettings = {
				ASSETCATALOG_COMPILER_APPICON_NAME = AppIcon;
				ASSETCATALOG_COMPILER_GLOBAL_ACCENT_COLOR_NAME = AccentColor;
				CODE_SIGN_STYLE = Automatic;
				CURRENT_PROJECT_VERSION = 1;
				DEVELOPMENT_ASSET_PATHS = "\"KnightMoves/Preview Content\"";
				DEVELOPMENT_TEAM = YE7XHRYWQ5;
				ENABLE_PREVIEWS = YES;
				GENERATE_INFOPLIST_FILE = YES;
				INFOPLIST_KEY_UIApplicationSceneManifest_Generation = YES;
				INFOPLIST_KEY_UIApplicationSupportsIndirectInputEvents = YES;
				INFOPLIST_KEY_UILaunchScreen_Generation = YES;
				INFOPLIST_KEY_UISupportedInterfaceOrientations_iPad = "UIInterfaceOrientationPortrait UIInterfaceOrientationPortraitUpsideDown UIInterfaceOrientationLandscapeLeft UIInterfaceOrientationLandscapeRight";
				INFOPLIST_KEY_UISupportedInterfaceOrientations_iPhone = "UIInterfaceOrientationPortrait UIInterfaceOrientationLandscapeLeft UIInterfaceOrientationLandscapeRight";
				LD_RUNPATH_SEARCH_PATHS = (
					"$(inherited)",
					"@executable_path/Frameworks",
				);
				MARKETING_VERSION = 1.0;
				PRODUCT_BUNDLE_IDENTIFIER = "bill-polizos.KnightMoves";
				PRODUCT_NAME = "$(TARGET_NAME)";
				SWIFT_EMIT_LOC_STRINGS = YES;
				SWIFT_VERSION = 5.0;
				TARGETED_DEVICE_FAMILY = "1,2";
			};
			name = Debug;
		};
		A9E4EB312C2F794700B50318 /* Release */ = {
			isa = XCBuildConfiguration;
			buildSettings = {
				ASSETCATALOG_COMPILER_APPICON_NAME = AppIcon;
				ASSETCATALOG_COMPILER_GLOBAL_ACCENT_COLOR_NAME = AccentColor;
				CODE_SIGN_STYLE = Automatic;
				CURRENT_PROJECT_VERSION = 1;
				DEVELOPMENT_ASSET_PATHS = "\"KnightMoves/Preview Content\"";
				DEVELOPMENT_TEAM = YE7XHRYWQ5;
				ENABLE_PREVIEWS = YES;
				GENERATE_INFOPLIST_FILE = YES;
				INFOPLIST_KEY_UIApplicationSceneManifest_Generation = YES;
				INFOPLIST_KEY_UIApplicationSupportsIndirectInputEvents = YES;
				INFOPLIST_KEY_UILaunchScreen_Generation = YES;
				INFOPLIST_KEY_UISupportedInterfaceOrientations_iPad = "UIInterfaceOrientationPortrait UIInterfaceOrientationPortraitUpsideDown UIInterfaceOrientationLandscapeLeft UIInterfaceOrientationLandscapeRight";
				INFOPLIST_KEY_UISupportedInterfaceOrientations_iPhone = "UIInterfaceOrientationPortrait UIInterfaceOrientationLandscapeLeft UIInterfaceOrientationLandscapeRight";
				LD_RUNPATH_SEARCH_PATHS = (
					"$(inherited)",
					"@executable_path/Frameworks",
				);
				MARKETING_VERSION = 1.0;
				PRODUCT_BUNDLE_IDENTIFIER = "bill-polizos.KnightMoves";
				PRODUCT_NAME = "$(TARGET_NAME)";
				SWIFT_EMIT_LOC_STRINGS = YES;
				SWIFT_VERSION = 5.0;
				TARGETED_DEVICE_FAMILY = "1,2";
			};
			name = Release;
		};
		A9E4EB332C2F794700B50318 /* Debug */ = {
			isa = XCBuildConfiguration;
			buildSettings = {
				ALWAYS_EMBED_SWIFT_STANDARD_LIBRARIES = YES;
				BUNDLE_LOADER = "$(TEST_HOST)";
				CODE_SIGN_STYLE = Automatic;
				CURRENT_PROJECT_VERSION = 1;
				DEVELOPMENT_TEAM = YE7XHRYWQ5;
				GENERATE_INFOPLIST_FILE = YES;
				IPHONEOS_DEPLOYMENT_TARGET = 17.5;
				MARKETING_VERSION = 1.0;
				PRODUCT_BUNDLE_IDENTIFIER = "bill-polizos.KnightMovesTests";
				PRODUCT_NAME = "$(TARGET_NAME)";
				SWIFT_EMIT_LOC_STRINGS = NO;
				SWIFT_VERSION = 5.0;
				TARGETED_DEVICE_FAMILY = "1,2";
				TEST_HOST = "$(BUILT_PRODUCTS_DIR)/KnightMoves.app/$(BUNDLE_EXECUTABLE_FOLDER_PATH)/KnightMoves";
			};
			name = Debug;
		};
		A9E4EB342C2F794700B50318 /* Release */ = {
			isa = XCBuildConfiguration;
			buildSettings = {
				ALWAYS_EMBED_SWIFT_STANDARD_LIBRARIES = YES;
				BUNDLE_LOADER = "$(TEST_HOST)";
				CODE_SIGN_STYLE = Automatic;
				CURRENT_PROJECT_VERSION = 1;
				DEVELOPMENT_TEAM = YE7XHRYWQ5;
				GENERATE_INFOPLIST_FILE = YES;
				IPHONEOS_DEPLOYMENT_TARGET = 17.5;
				MARKETING_VERSION = 1.0;
				PRODUCT_BUNDLE_IDENTIFIER = "bill-polizos.KnightMovesTests";
				PRODUCT_NAME = "$(TARGET_NAME)";
				SWIFT_EMIT_LOC_STRINGS = NO;
				SWIFT_VERSION = 5.0;
				TARGETED_DEVICE_FAMILY = "1,2";
				TEST_HOST = "$(BUILT_PRODUCTS_DIR)/KnightMoves.app/$(BUNDLE_EXECUTABLE_FOLDER_PATH)/KnightMoves";
			};
			name = Release;
		};
		A9E4EB362C2F794700B50318 /* Debug */ = {
			isa = XCBuildConfiguration;
			buildSettings = {
				ALWAYS_EMBED_SWIFT_STANDARD_LIBRARIES = YES;
				CODE_SIGN_STYLE = Automatic;
				CURRENT_PROJECT_VERSION = 1;
				DEVELOPMENT_TEAM = YE7XHRYWQ5;
				GENERATE_INFOPLIST_FILE = YES;
				MARKETING_VERSION = 1.0;
				PRODUCT_BUNDLE_IDENTIFIER = "bill-polizos.KnightMovesUITests";
				PRODUCT_NAME = "$(TARGET_NAME)";
				SWIFT_EMIT_LOC_STRINGS = NO;
				SWIFT_VERSION = 5.0;
				TARGETED_DEVICE_FAMILY = "1,2";
				TEST_TARGET_NAME = KnightMoves;
			};
			name = Debug;
		};
		A9E4EB372C2F794700B50318 /* Release */ = {
			isa = XCBuildConfiguration;
			buildSettings = {
				ALWAYS_EMBED_SWIFT_STANDARD_LIBRARIES = YES;
				CODE_SIGN_STYLE = Automatic;
				CURRENT_PROJECT_VERSION = 1;
				DEVELOPMENT_TEAM = YE7XHRYWQ5;
				GENERATE_INFOPLIST_FILE = YES;
				MARKETING_VERSION = 1.0;
				PRODUCT_BUNDLE_IDENTIFIER = "bill-polizos.KnightMovesUITests";
				PRODUCT_NAME = "$(TARGET_NAME)";
				SWIFT_EMIT_LOC_STRINGS = NO;
				SWIFT_VERSION = 5.0;
				TARGETED_DEVICE_FAMILY = "1,2";
				TEST_TARGET_NAME = KnightMoves;
			};
			name = Release;
		};
/* End XCBuildConfiguration section */

/* Begin XCConfigurationList section */
		A9E4EB062C2F794600B50318 /* Build configuration list for PBXProject "KnightMoves" */ = {
			isa = XCConfigurationList;
			buildConfigurations = (
				A9E4EB2D2C2F794700B50318 /* Debug */,
				A9E4EB2E2C2F794700B50318 /* Release */,
			);
			defaultConfigurationIsVisible = 0;
			defaultConfigurationName = Release;
		};
		A9E4EB2F2C2F794700B50318 /* Build configuration list for PBXNativeTarget "KnightMoves" */ = {
			isa = XCConfigurationList;
			buildConfigurations = (
				A9E4EB302C2F794700B50318 /* Debug */,
				A9E4EB312C2F794700B50318 /* Release */,
			);
			defaultConfigurationIsVisible = 0;
			defaultConfigurationName = Release;
		};
		A9E4EB322C2F794700B50318 /* Build configuration list for PBXNativeTarget "KnightMovesTests" */ = {
			isa = XCConfigurationList;
			buildConfigurations = (
				A9E4EB332C2F794700B50318 /* Debug */,
				A9E4EB342C2F794700B50318 /* Release */,
			);
			defaultConfigurationIsVisible = 0;
			defaultConfigurationName = Release;
		};
		A9E4EB352C2F794700B50318 /* Build configuration list for PBXNativeTarget "KnightMovesUITests" */ = {
			isa = XCConfigurationList;
			buildConfigurations = (
				A9E4EB362C2F794700B50318 /* Debug */,
				A9E4EB372C2F794700B50318 /* Release */,
			);
			defaultConfigurationIsVisible = 0;
			defaultConfigurationName = Release;
		};
/* End XCConfigurationList section */
	};
	rootObject = A9E4EB032C2F794600B50318 /* Project object */;
}
